
Microsoft Visual Studio Solution File, Format Version 12.00
# Visual Studio Version 16
VisualStudioVersion = 16.0.29806.167
MinimumVisualStudioVersion = 10.0.40219.1
Project("{FAE04EC0-301F-11D3-BF4B-00C04F79EFBC}") = "AspCoreElKitabi", "AspCoreElKitabi\AspCoreElKitabi.csproj", "{FB1023F6-DC4A-4B27-AE9D-3AFA20E22A5E}"
EndProject
Global
	GlobalSection(SolutionConfigurationPlatforms) = preSolution
		Debug|Any CPU = Debug|Any CPU
		Release|Any CPU = Release|Any CPU
	EndGlobalSection
	GlobalSection(ProjectConfigurationPlatforms) = postSolution
		{FB1023F6-DC4A-4B27-AE9D-3AFA20E22A5E}.Debug|Any CPU.ActiveCfg = Debug|Any CPU
		{FB1023F6-DC4A-4B27-AE9D-3AFA20E22A5E}.Debug|Any CPU.Build.0 = Debug|Any CPU
		{FB1023F6-DC4A-4B27-AE9D-3AFA20E22A5E}.Release|Any CPU.ActiveCfg = Release|Any CPU
		{FB1023F6-DC4A-4B27-AE9D-3AFA20E22A5E}.Release|Any CPU.Build.0 = Release|Any CPU
	EndGlobalSection
	GlobalSection(SolutionProperties) = preSolution
		HideSolutionNode = FALSE
	EndGlobalSection
	GlobalSection(ExtensibilityGlobals) = postSolution
		SolutionGuid = {B660CC27-A95B-42EA-80FE-511134A5A9E3}
	EndGlobalSection
EndGlobal
